// !$*UTF8*$!
{
	archiveVersion = 1;
	classes = {
	};
	objectVersion = 55;
	objects = {

/* Begin PBXBuildFile section */
		941CD82927397DFE00FF0E7C /* Constants.swift in Sources */ = {isa = PBXBuildFile; fileRef = 941CD82827397DFE00FF0E7C /* Constants.swift */; };
		941CD82B273985AD00FF0E7C /* LeaderboardView.swift in Sources */ = {isa = PBXBuildFile; fileRef = 941CD82A273985AD00FF0E7C /* LeaderboardView.swift */; };
		9423BBA82732D5BC003EFDD4 /* Shapes.swift in Sources */ = {isa = PBXBuildFile; fileRef = 9423BBA72732D5BC003EFDD4 /* Shapes.swift */; };
		9423BBAA2732DD8F003EFDD4 /* RoundViews.swift in Sources */ = {isa = PBXBuildFile; fileRef = 9423BBA92732DD8F003EFDD4 /* RoundViews.swift */; };
		9423BBAC27330C45003EFDD4 /* BackgroundView.swift in Sources */ = {isa = PBXBuildFile; fileRef = 9423BBAB27330C45003EFDD4 /* BackgroundView.swift */; };
		9423BBAE2735838C003EFDD4 /* PointsView.swift in Sources */ = {isa = PBXBuildFile; fileRef = 9423BBAD2735838C003EFDD4 /* PointsView.swift */; };
		94629D6427303F5500498A24 /* bulleyeApp.swift in Sources */ = {isa = PBXBuildFile; fileRef = 94629D6327303F5500498A24 /* bulleyeApp.swift */; };
		94629D6627303F5500498A24 /* ContentView.swift in Sources */ = {isa = PBXBuildFile; fileRef = 94629D6527303F5500498A24 /* ContentView.swift */; };
		94629D6827303F5500498A24 /* Assets.xcassets in Resources */ = {isa = PBXBuildFile; fileRef = 94629D6727303F5500498A24 /* Assets.xcassets */; };
		94629D6B27303F5500498A24 /* Preview Assets.xcassets in Resources */ = {isa = PBXBuildFile; fileRef = 94629D6A27303F5500498A24 /* Preview Assets.xcassets */; };
		949C46E72730DCF100B6C059 /* Game.swift in Sources */ = {isa = PBXBuildFile; fileRef = 949C46E62730DCF100B6C059 /* Game.swift */; };
		949C46EF2731853300B6C059 /* bulleyeTests.swift in Sources */ = {isa = PBXBuildFile; fileRef = 949C46EE2731853300B6C059 /* bulleyeTests.swift */; };
		949C46F62731BCA600B6C059 /* TextViews.swift in Sources */ = {isa = PBXBuildFile; fileRef = 949C46F52731BCA600B6C059 /* TextViews.swift */; };
/* End PBXBuildFile section */

/* Begin PBXContainerItemProxy section */
		949C46F02731853300B6C059 /* PBXContainerItemProxy */ = {
			isa = PBXContainerItemProxy;
			containerPortal = 94629D5827303F5500498A24 /* Project object */;
			proxyType = 1;
			remoteGlobalIDString = 94629D5F27303F5500498A24;
			remoteInfo = bulleye;
		};
/* End PBXContainerItemProxy section */

/* Begin PBXFileReference section */
		941CD82827397DFE00FF0E7C /* Constants.swift */ = {isa = PBXFileReference; lastKnownFileType = sourcecode.swift; path = Constants.swift; sourceTree = "<group>"; };
		941CD82A273985AD00FF0E7C /* LeaderboardView.swift */ = {isa = PBXFileReference; lastKnownFileType = sourcecode.swift; path = LeaderboardView.swift; sourceTree = "<group>"; };
		9423BBA72732D5BC003EFDD4 /* Shapes.swift */ = {isa = PBXFileReference; lastKnownFileType = sourcecode.swift; path = Shapes.swift; sourceTree = "<group>"; };
		9423BBA92732DD8F003EFDD4 /* RoundViews.swift */ = {isa = PBXFileReference; lastKnownFileType = sourcecode.swift; path = RoundViews.swift; sourceTree = "<group>"; };
		9423BBAB27330C45003EFDD4 /* BackgroundView.swift */ = {isa = PBXFileReference; lastKnownFileType = sourcecode.swift; path = BackgroundView.swift; sourceTree = "<group>"; };
		9423BBAD2735838C003EFDD4 /* PointsView.swift */ = {isa = PBXFileReference; lastKnownFileType = sourcecode.swift; path = PointsView.swift; sourceTree = "<group>"; };
		94629D6027303F5500498A24 /* Bull's Eye.app */ = {isa = PBXFileReference; explicitFileType = wrapper.application; includeInIndex = 0; path = "Bull's Eye.app"; sourceTree = BUILT_PRODUCTS_DIR; };
		94629D6327303F5500498A24 /* bulleyeApp.swift */ = {isa = PBXFileReference; lastKnownFileType = sourcecode.swift; path = bulleyeApp.swift; sourceTree = "<group>"; };
		94629D6527303F5500498A24 /* ContentView.swift */ = {isa = PBXFileReference; lastKnownFileType = sourcecode.swift; path = ContentView.swift; sourceTree = "<group>"; };
		94629D6727303F5500498A24 /* Assets.xcassets */ = {isa = PBXFileReference; lastKnownFileType = folder.assetcatalog; path = Assets.xcassets; sourceTree = "<group>"; };
		94629D6A27303F5500498A24 /* Preview Assets.xcassets */ = {isa = PBXFileReference; lastKnownFileType = folder.assetcatalog; path = "Preview Assets.xcassets"; sourceTree = "<group>"; };
		949C46E62730DCF100B6C059 /* Game.swift */ = {isa = PBXFileReference; lastKnownFileType = sourcecode.swift; path = Game.swift; sourceTree = "<group>"; };
		949C46EC2731853300B6C059 /* bulleyeTests.xctest */ = {isa = PBXFileReference; explicitFileType = wrapper.cfbundle; includeInIndex = 0; path = bulleyeTests.xctest; sourceTree = BUILT_PRODUCTS_DIR; };
		949C46EE2731853300B6C059 /* bulleyeTests.swift */ = {isa = PBXFileReference; lastKnownFileType = sourcecode.swift; path = bulleyeTests.swift; sourceTree = "<group>"; };
		949C46F52731BCA600B6C059 /* TextViews.swift */ = {isa = PBXFileReference; lastKnownFileType = sourcecode.swift; path = TextViews.swift; sourceTree = "<group>"; };
/* End PBXFileReference section */

/* Begin PBXFrameworksBuildPhase section */
		94629D5D27303F5500498A24 /* Frameworks */ = {
			isa = PBXFrameworksBuildPhase;
			buildActionMask = 2147483647;
			files = (
			);
			runOnlyForDeploymentPostprocessing = 0;
		};
		949C46E92731853300B6C059 /* Frameworks */ = {
			isa = PBXFrameworksBuildPhase;
			buildActionMask = 2147483647;
			files = (
			);
			runOnlyForDeploymentPostprocessing = 0;
		};
/* End PBXFrameworksBuildPhase section */

/* Begin PBXGroup section */
		94629D5727303F5500498A24 = {
			isa = PBXGroup;
			children = (
				94629D6227303F5500498A24 /* bulleye */,
				949C46ED2731853300B6C059 /* bulleyeTests */,
				94629D6127303F5500498A24 /* Products */,
			);
			sourceTree = "<group>";
		};
		94629D6127303F5500498A24 /* Products */ = {
			isa = PBXGroup;
			children = (
				94629D6027303F5500498A24 /* Bull's Eye.app */,
				949C46EC2731853300B6C059 /* bulleyeTests.xctest */,
			);
			name = Products;
			sourceTree = "<group>";
		};
		94629D6227303F5500498A24 /* bulleye */ = {
			isa = PBXGroup;
			children = (
				949C46E52730DB3A00B6C059 /* App */,
				949C46E42730DB1D00B6C059 /* Views */,
				949C46E32730DAF100B6C059 /* Models */,
				94629D6927303F5500498A24 /* Preview Content */,
			);
			path = bulleye;
			sourceTree = "<group>";
		};
		94629D6927303F5500498A24 /* Preview Content */ = {
			isa = PBXGroup;
			children = (
				94629D6A27303F5500498A24 /* Preview Assets.xcassets */,
			);
			path = "Preview Content";
			sourceTree = "<group>";
		};
		949C46E32730DAF100B6C059 /* Models */ = {
			isa = PBXGroup;
			children = (
				949C46E62730DCF100B6C059 /* Game.swift */,
				941CD82827397DFE00FF0E7C /* Constants.swift */,
			);
			path = Models;
			sourceTree = "<group>";
		};
		949C46E42730DB1D00B6C059 /* Views */ = {
			isa = PBXGroup;
			children = (
				94629D6527303F5500498A24 /* ContentView.swift */,
				949C46F52731BCA600B6C059 /* TextViews.swift */,
				9423BBA72732D5BC003EFDD4 /* Shapes.swift */,
				9423BBA92732DD8F003EFDD4 /* RoundViews.swift */,
				9423BBAB27330C45003EFDD4 /* BackgroundView.swift */,
				9423BBAD2735838C003EFDD4 /* PointsView.swift */,
				941CD82A273985AD00FF0E7C /* LeaderboardView.swift */,
			);
			path = Views;
			sourceTree = "<group>";
		};
		949C46E52730DB3A00B6C059 /* App */ = {
			isa = PBXGroup;
			children = (
				94629D6727303F5500498A24 /* Assets.xcassets */,
				94629D6327303F5500498A24 /* bulleyeApp.swift */,
			);
			path = App;
			sourceTree = "<group>";
		};
		949C46ED2731853300B6C059 /* bulleyeTests */ = {
			isa = PBXGroup;
			children = (
				949C46EE2731853300B6C059 /* bulleyeTests.swift */,
			);
			path = bulleyeTests;
			sourceTree = "<group>";
		};
/* End PBXGroup section */

/* Begin PBXNativeTarget section */
		94629D5F27303F5500498A24 /* bulleye */ = {
			isa = PBXNativeTarget;
			buildConfigurationList = 94629D6E27303F5500498A24 /* Build configuration list for PBXNativeTarget "bulleye" */;
			buildPhases = (
				94629D5C27303F5500498A24 /* Sources */,
				94629D5D27303F5500498A24 /* Frameworks */,
				94629D5E27303F5500498A24 /* Resources */,
			);
			buildRules = (
			);
			dependencies = (
			);
			name = bulleye;
			productName = bulleye;
			productReference = 94629D6027303F5500498A24 /* Bull's Eye.app */;
			productType = "com.apple.product-type.application";
		};
		949C46EB2731853300B6C059 /* bulleyeTests */ = {
			isa = PBXNativeTarget;
			buildConfigurationList = 949C46F22731853300B6C059 /* Build configuration list for PBXNativeTarget "bulleyeTests" */;
			buildPhases = (
				949C46E82731853300B6C059 /* Sources */,
				949C46E92731853300B6C059 /* Frameworks */,
				949C46EA2731853300B6C059 /* Resources */,
			);
			buildRules = (
			);
			dependencies = (
				949C46F12731853300B6C059 /* PBXTargetDependency */,
			);
			name = bulleyeTests;
			productName = bulleyeTests;
			productReference = 949C46EC2731853300B6C059 /* bulleyeTests.xctest */;
			productType = "com.apple.product-type.bundle.unit-test";
		};
/* End PBXNativeTarget section */

/* Begin PBXProject section */
		94629D5827303F5500498A24 /* Project object */ = {
			isa = PBXProject;
			attributes = {
				BuildIndependentTargetsInParallel = 1;
				LastSwiftUpdateCheck = 1310;
				LastUpgradeCheck = 1310;
				TargetAttributes = {
					94629D5F27303F5500498A24 = {
						CreatedOnToolsVersion = 13.1;
					};
					949C46EB2731853300B6C059 = {
						CreatedOnToolsVersion = 13.1;
						TestTargetID = 94629D5F27303F5500498A24;
					};
				};
			};
			buildConfigurationList = 94629D5B27303F5500498A24 /* Build configuration list for PBXProject "bulleye" */;
			compatibilityVersion = "Xcode 13.0";
			developmentRegion = en;
			hasScannedForEncodings = 0;
			knownRegions = (
				en,
				Base,
			);
			mainGroup = 94629D5727303F5500498A24;
			productRefGroup = 94629D6127303F5500498A24 /* Products */;
			projectDirPath = "";
			projectRoot = "";
			targets = (
				94629D5F27303F5500498A24 /* bulleye */,
				949C46EB2731853300B6C059 /* bulleyeTests */,
			);
		};
/* End PBXProject section */

/* Begin PBXResourcesBuildPhase section */
		94629D5E27303F5500498A24 /* Resources */ = {
			isa = PBXResourcesBuildPhase;
			buildActionMask = 2147483647;
			files = (
				94629D6B27303F5500498A24 /* Preview Assets.xcassets in Resources */,
				94629D6827303F5500498A24 /* Assets.xcassets in Resources */,
			);
			runOnlyForDeploymentPostprocessing = 0;
		};
		949C46EA2731853300B6C059 /* Resources */ = {
			isa = PBXResourcesBuildPhase;
			buildActionMask = 2147483647;
			files = (
			);
			runOnlyForDeploymentPostprocessing = 0;
		};
/* End PBXResourcesBuildPhase section */

/* Begin PBXSourcesBuildPhase section */
		94629D5C27303F5500498A24 /* Sources */ = {
			isa = PBXSourcesBuildPhase;
			buildActionMask = 2147483647;
			files = (
				941CD82B273985AD00FF0E7C /* LeaderboardView.swift in Sources */,
				9423BBAA2732DD8F003EFDD4 /* RoundViews.swift in Sources */,
				94629D6627303F5500498A24 /* ContentView.swift in Sources */,
				949C46F62731BCA600B6C059 /* TextViews.swift in Sources */,
				9423BBAE2735838C003EFDD4 /* PointsView.swift in Sources */,
				9423BBA82732D5BC003EFDD4 /* Shapes.swift in Sources */,
				9423BBAC27330C45003EFDD4 /* BackgroundView.swift in Sources */,
				949C46E72730DCF100B6C059 /* Game.swift in Sources */,
				94629D6427303F5500498A24 /* bulleyeApp.swift in Sources */,
				941CD82927397DFE00FF0E7C /* Constants.swift in Sources */,
			);
			runOnlyForDeploymentPostprocessing = 0;
		};
		949C46E82731853300B6C059 /* Sources */ = {
			isa = PBXSourcesBuildPhase;
			buildActionMask = 2147483647;
			files = (
				949C46EF2731853300B6C059 /* bulleyeTests.swift in Sources */,
			);
			runOnlyForDeploymentPostprocessing = 0;
		};
/* End PBXSourcesBuildPhase section */

/* Begin PBXTargetDependency section */
		949C46F12731853300B6C059 /* PBXTargetDependency */ = {
			isa = PBXTargetDependency;
			target = 94629D5F27303F5500498A24 /* bulleye */;
			targetProxy = 949C46F02731853300B6C059 /* PBXContainerItemProxy */;
		};
/* End PBXTargetDependency section */

/* Begin XCBuildConfiguration section */
		94629D6C27303F5500498A24 /* Debug */ = {
			isa = XCBuildConfiguration;
			buildSettings = {
				ALWAYS_SEARCH_USER_PATHS = NO;
				CLANG_ANALYZER_NONNULL = YES;
				CLANG_ANALYZER_NUMBER_OBJECT_CONVERSION = YES_AGGRESSIVE;
				CLANG_CXX_LANGUAGE_STANDARD = "gnu++17";
				CLANG_CXX_LIBRARY = "libc++";
				CLANG_ENABLE_MODULES = YES;
				CLANG_ENABLE_OBJC_ARC = YES;
				CLANG_ENABLE_OBJC_WEAK = YES;
				CLANG_WARN_BLOCK_CAPTURE_AUTORELEASING = YES;
				CLANG_WARN_BOOL_CONVERSION = YES;
				CLANG_WARN_COMMA = YES;
				CLANG_WARN_CONSTANT_CONVERSION = YES;
				CLANG_WARN_DEPRECATED_OBJC_IMPLEMENTATIONS = YES;
				CLANG_WARN_DIRECT_OBJC_ISA_USAGE = YES_ERROR;
				CLANG_WARN_DOCUMENTATION_COMMENTS = YES;
				CLANG_WARN_EMPTY_BODY = YES;
				CLANG_WARN_ENUM_CONVERSION = YES;
				CLANG_WARN_INFINITE_RECURSION = YES;
				CLANG_WARN_INT_CONVERSION = YES;
				CLANG_WARN_NON_LITERAL_NULL_CONVERSION = YES;
				CLANG_WARN_OBJC_IMPLICIT_RETAIN_SELF = YES;
				CLANG_WARN_OBJC_LITERAL_CONVERSION = YES;
				CLANG_WARN_OBJC_ROOT_CLASS = YES_ERROR;
				CLANG_WARN_QUOTED_INCLUDE_IN_FRAMEWORK_HEADER = YES;
				CLANG_WARN_RANGE_LOOP_ANALYSIS = YES;
				CLANG_WARN_STRICT_PROTOTYPES = YES;
				CLANG_WARN_SUSPICIOUS_MOVE = YES;
				CLANG_WARN_UNGUARDED_AVAILABILITY = YES_AGGRESSIVE;
				CLANG_WARN_UNREACHABLE_CODE = YES;
				CLANG_WARN__DUPLICATE_METHOD_MATCH = YES;
				COPY_PHASE_STRIP = NO;
				DEBUG_INFORMATION_FORMAT = dwarf;
				ENABLE_STRICT_OBJC_MSGSEND = YES;
				ENABLE_TESTABILITY = YES;
				GCC_C_LANGUAGE_STANDARD = gnu11;
				GCC_DYNAMIC_NO_PIC = NO;
				GCC_NO_COMMON_BLOCKS = YES;
				GCC_OPTIMIZATION_LEVEL = 0;
				GCC_PREPROCESSOR_DEFINITIONS = (
					"DEBUG=1",
					"$(inherited)",
				);
				GCC_WARN_64_TO_32_BIT_CONVERSION = YES;
				GCC_WARN_ABOUT_RETURN_TYPE = YES_ERROR;
				GCC_WARN_UNDECLARED_SELECTOR = YES;
				GCC_WARN_UNINITIALIZED_AUTOS = YES_AGGRESSIVE;
				GCC_WARN_UNUSED_FUNCTION = YES;
				GCC_WARN_UNUSED_VARIABLE = YES;
				IPHONEOS_DEPLOYMENT_TARGET = 15.0;
				MTL_ENABLE_DEBUG_INFO = INCLUDE_SOURCE;
				MTL_FAST_MATH = YES;
				ONLY_ACTIVE_ARCH = YES;
				SDKROOT = iphoneos;
				SWIFT_ACTIVE_COMPILATION_CONDITIONS = DEBUG;
				SWIFT_OPTIMIZATION_LEVEL = "-Onone";
			};
			name = Debug;
		};
		94629D6D27303F5500498A24 /* Release */ = {
			isa = XCBuildConfiguration;
			buildSettings = {
				ALWAYS_SEARCH_USER_PATHS = NO;
				CLANG_ANALYZER_NONNULL = YES;
				CLANG_ANALYZER_NUMBER_OBJECT_CONVERSION = YES_AGGRESSIVE;
				CLANG_CXX_LANGUAGE_STANDARD = "gnu++17";
				CLANG_CXX_LIBRARY = "libc++";
				CLANG_ENABLE_MODULES = YES;
				CLANG_ENABLE_OBJC_ARC = YES;
				CLANG_ENABLE_OBJC_WEAK = YES;
				CLANG_WARN_BLOCK_CAPTURE_AUTORELEASING = YES;
				CLANG_WARN_BOOL_CONVERSION = YES;
				CLANG_WARN_COMMA = YES;
				CLANG_WARN_CONSTANT_CONVERSION = YES;
				CLANG_WARN_DEPRECATED_OBJC_IMPLEMENTATIONS = YES;
				CLANG_WARN_DIRECT_OBJC_ISA_USAGE = YES_ERROR;
				CLANG_WARN_DOCUMENTATION_COMMENTS = YES;
				CLANG_WARN_EMPTY_BODY = YES;
				CLANG_WARN_ENUM_CONVERSION = YES;
				CLANG_WARN_INFINITE_RECURSION = YES;
				CLANG_WARN_INT_CONVERSION = YES;
				CLANG_WARN_NON_LITERAL_NULL_CONVERSION = YES;
				CLANG_WARN_OBJC_IMPLICIT_RETAIN_SELF = YES;
				CLANG_WARN_OBJC_LITERAL_CONVERSION = YES;
				CLANG_WARN_OBJC_ROOT_CLASS = YES_ERROR;
				CLANG_WARN_QUOTED_INCLUDE_IN_FRAMEWORK_HEADER = YES;
				CLANG_WARN_RANGE_LOOP_ANALYSIS = YES;
				CLANG_WARN_STRICT_PROTOTYPES = YES;
				CLANG_WARN_SUSPICIOUS_MOVE = YES;
				CLANG_WARN_UNGUARDED_AVAILABILITY = YES_AGGRESSIVE;
				CLANG_WARN_UNREACHABLE_CODE = YES;
				CLANG_WARN__DUPLICATE_METHOD_MATCH = YES;
				COPY_PHASE_STRIP = NO;
				DEBUG_INFORMATION_FORMAT = "dwarf-with-dsym";
				ENABLE_NS_ASSERTIONS = NO;
				ENABLE_STRICT_OBJC_MSGSEND = YES;
				GCC_C_LANGUAGE_STANDARD = gnu11;
				GCC_NO_COMMON_BLOCKS = YES;
				GCC_WARN_64_TO_32_BIT_CONVERSION = YES;
				GCC_WARN_ABOUT_RETURN_TYPE = YES_ERROR;
				GCC_WARN_UNDECLARED_SELECTOR = YES;
				GCC_WARN_UNINITIALIZED_AUTOS = YES_AGGRESSIVE;
				GCC_WARN_UNUSED_FUNCTION = YES;
				GCC_WARN_UNUSED_VARIABLE = YES;
				IPHONEOS_DEPLOYMENT_TARGET = 15.0;
				MTL_ENABLE_DEBUG_INFO = NO;
				MTL_FAST_MATH = YES;
				SDKROOT = iphoneos;
				SWIFT_COMPILATION_MODE = wholemodule;
				SWIFT_OPTIMIZATION_LEVEL = "-O";
				VALIDATE_PRODUCT = YES;
			};
			name = Release;
		};
		94629D6F27303F5500498A24 /* Debug */ = {
			isa = XCBuildConfiguration;
			buildSettings = {
				ASSETCATALOG_COMPILER_APPICON_NAME = AppIcon;
				ASSETCATALOG_COMPILER_GLOBAL_ACCENT_COLOR_NAME = AccentColor;
				CODE_SIGN_IDENTITY = "Apple Development";
				CODE_SIGN_STYLE = Automatic;
				CURRENT_PROJECT_VERSION = 1;
				DEVELOPMENT_ASSET_PATHS = "\"bulleye/Preview Content\"";
				DEVELOPMENT_TEAM = GC9KR54M8T;
				ENABLE_PREVIEWS = YES;
				GENERATE_INFOPLIST_FILE = YES;
				INFOPLIST_KEY_UIApplicationSceneManifest_Generation = YES;
				INFOPLIST_KEY_UIApplicationSupportsIndirectInputEvents = YES;
				INFOPLIST_KEY_UILaunchScreen_Generation = YES;
				INFOPLIST_KEY_UISupportedInterfaceOrientations = "UIInterfaceOrientationPortrait UIInterfaceOrientationLandscapeLeft UIInterfaceOrientationLandscapeRight";
				INFOPLIST_KEY_UISupportedInterfaceOrientations_iPad = "UIInterfaceOrientationPortrait UIInterfaceOrientationPortraitUpsideDown UIInterfaceOrientationLandscapeLeft UIInterfaceOrientationLandscapeRight";
				INFOPLIST_KEY_UISupportedInterfaceOrientations_iPhone = "UIInterfaceOrientationPortrait UIInterfaceOrientationLandscapeLeft UIInterfaceOrientationLandscapeRight";
				LD_RUNPATH_SEARCH_PATHS = (
					"$(inherited)",
					"@executable_path/Frameworks",
				);
				MARKETING_VERSION = 1.0;
				PRODUCT_BUNDLE_IDENTIFIER = tb.bulleye;
				PRODUCT_NAME = "Bull's Eye";
				PROVISIONING_PROFILE_SPECIFIER = "";
				SWIFT_EMIT_LOC_STRINGS = YES;
				SWIFT_VERSION = 5.0;
				TARGETED_DEVICE_FAMILY = "1,2";
			};
			name = Debug;
		};
		94629D7027303F5500498A24 /* Release */ = {
			isa = XCBuildConfiguration;
			buildSettings = {
				ASSETCATALOG_COMPILER_APPICON_NAME = AppIcon;
				ASSETCATALOG_COMPILER_GLOBAL_ACCENT_COLOR_NAME = AccentColor;
				CODE_SIGN_IDENTITY = "Apple Development";
				CODE_SIGN_STYLE = Automatic;
				CURRENT_PROJECT_VERSION = 1;
				DEVELOPMENT_ASSET_PATHS = "\"bulleye/Preview Content\"";
				DEVELOPMENT_TEAM = GC9KR54M8T;
				ENABLE_PREVIEWS = YES;
				GENERATE_INFOPLIST_FILE = YES;
				INFOPLIST_KEY_UIApplicationSceneManifest_Generation = YES;
				INFOPLIST_KEY_UIApplicationSupportsIndirectInputEvents = YES;
				INFOPLIST_KEY_UILaunchScreen_Generation = YES;
				INFOPLIST_KEY_UISupportedInterfaceOrientations = "UIInterfaceOrientationPortrait UIInterfaceOrientationLandscapeLeft UIInterfaceOrientationLandscapeRight";
				INFOPLIST_KEY_UISupportedInterfaceOrientations_iPad = "UIInterfaceOrientationPortrait UIInterfaceOrientationPortraitUpsideDown UIInterfaceOrientationLandscapeLeft UIInterfaceOrientationLandscapeRight";
				INFOPLIST_KEY_UISupportedInterfaceOrientations_iPhone = "UIInterfaceOrientationPortrait UIInterfaceOrientationLandscapeLeft UIInterfaceOrientationLandscapeRight";
				LD_RUNPATH_SEARCH_PATHS = (
					"$(inherited)",
					"@executable_path/Frameworks",
				);
				MARKETING_VERSION = 1.0;
				PRODUCT_BUNDLE_IDENTIFIER = tb.bulleye;
				PRODUCT_NAME = "Bull's Eye";
				PROVISIONING_PROFILE_SPECIFIER = "";
				SWIFT_EMIT_LOC_STRINGS = YES;
				SWIFT_VERSION = 5.0;
				TARGETED_DEVICE_FAMILY = "1,2";
			};
			name = Release;
		};
		949C46F32731853300B6C059 /* Debug */ = {
			isa = XCBuildConfiguration;
			buildSettings = {
				BUNDLE_LOADER = "$(TEST_HOST)";
				CODE_SIGN_STYLE = Automatic;
				CURRENT_PROJECT_VERSION = 1;
				GENERATE_INFOPLIST_FILE = YES;
				LD_RUNPATH_SEARCH_PATHS = (
					"$(inherited)",
					"@executable_path/Frameworks",
					"@loader_path/Frameworks",
				);
				MARKETING_VERSION = 1.0;
				PRODUCT_BUNDLE_IDENTIFIER = tb.bulleyeTests;
				PRODUCT_NAME = "$(TARGET_NAME)";
				SWIFT_EMIT_LOC_STRINGS = NO;
				SWIFT_VERSION = 5.0;
				TARGETED_DEVICE_FAMILY = "1,2";
				TEST_HOST = "$(BUILT_PRODUCTS_DIR)/bulleye.app/bulleye";
			};
			name = Debug;
		};
		949C46F42731853300B6C059 /* Release */ = {
			isa = XCBuildConfiguration;
			buildSettings = {
				BUNDLE_LOADER = "$(TEST_HOST)";
				CODE_SIGN_STYLE = Automatic;
				CURRENT_PROJECT_VERSION = 1;
				GENERATE_INFOPLIST_FILE = YES;
				LD_RUNPATH_SEARCH_PATHS = (
					"$(inherited)",
					"@executable_path/Frameworks",
					"@loader_path/Frameworks",
				);
				MARKETING_VERSION = 1.0;
				PRODUCT_BUNDLE_IDENTIFIER = tb.bulleyeTests;
				PRODUCT_NAME = "$(TARGET_NAME)";
				SWIFT_EMIT_LOC_STRINGS = NO;
				SWIFT_VERSION = 5.0;
				TARGETED_DEVICE_FAMILY = "1,2";
				TEST_HOST = "$(BUILT_PRODUCTS_DIR)/bulleye.app/bulleye";
			};
			name = Release;
		};
/* End XCBuildConfiguration section */

/* Begin XCConfigurationList section */
		94629D5B27303F5500498A24 /* Build configuration list for PBXProject "bulleye" */ = {
			isa = XCConfigurationList;
			buildConfigurations = (
				94629D6C27303F5500498A24 /* Debug */,
				94629D6D27303F5500498A24 /* Release */,
			);
			defaultConfigurationIsVisible = 0;
			defaultConfigurationName = Release;
		};
		94629D6E27303F5500498A24 /* Build configuration list for PBXNativeTarget "bulleye" */ = {
			isa = XCConfigurationList;
			buildConfigurations = (
				94629D6F27303F5500498A24 /* Debug */,
				94629D7027303F5500498A24 /* Release */,
			);
			defaultConfigurationIsVisible = 0;
			defaultConfigurationName = Release;
		};
		949C46F22731853300B6C059 /* Build configuration list for PBXNativeTarget "bulleyeTests" */ = {
			isa = XCConfigurationList;
			buildConfigurations = (
				949C46F32731853300B6C059 /* Debug */,
				949C46F42731853300B6C059 /* Release */,
			);
			defaultConfigurationIsVisible = 0;
			defaultConfigurationName = Release;
		};
/* End XCConfigurationList section */
	};
	rootObject = 94629D5827303F5500498A24 /* Project object */;
}
